<?xml version="1.0" encoding="utf-8"?>
<Project ToolsVersion="4.0" xmlns="http://schemas.microsoft.com/developer/msbuild/2003">
  <ItemGroup>
    <ClCompile Include="src\Window\Camera.cpp" />
    <ClCompile Include="src\Window\Window.cpp" />
    <ClCompile Include="src\Graphics\gui\Label.cpp" />
    <ClCompile Include="src\Graphics\SpriteBatch.cpp" />
    <ClCompile Include="src\Input\InputHandler.cpp" />
    <ClCompile Include="src\Input\ControlMap.cpp" />
    <ClCompile Include="src\Input\JoystickInput.cpp" />
    <ClCompile Include="src\Input\KeyboardInput.cpp" />
    <ClCompile Include="src\Input\MouseCursor.cpp" />
    <ClCompile Include="src\Input\MouseInput.cpp" />
    <ClCompile Include="src\Utilities\Time.cpp" />
    <ClCompile Include="src\ECS\EntityAdmin.cpp" />
    <ClCompile Include="src\ECS\Entity.cpp" />
    <ClCompile Include="src\Window\CameraBehavior.cpp" />
    <ClCompile Include="src\Graphics\SpriteAtlas.cpp" />
    <ClCompile Include="src\Graphics\Components\Sprite.cpp" />
    <ClCompile Include="src\Graphics\Systems\RenderSystem.cpp" />
    <ClCompile Include="src\Graphics\Systems\TransformSystem.cpp" />
    <ClCompile Include="src\Graphics\Components\Transform.cpp" />
    <ClCompile Include="src\Graphics\Systems\ObjectSystem.cpp" />
    <ClCompile Include="src\World\World.cpp" />
    <ClCompile Include="src\Graphics\GUI\GUIComponent.cpp" />
    <ClCompile Include="src\Graphics\Systems\AnchorSystem.cpp" />
    <ClCompile Include="src\Graphics\GUI\Container.cpp" />
    <ClCompile Include="src\Graphics\Components\Relation.cpp" />
    <ClCompile Include="src\Graphics\Systems\RelationSystem.cpp" />
    <ClCompile Include="src\Graphics\GUI\Button.cpp" />
    <ClCompile Include="src\Graphics\Systems\GUISystem.cpp" />
    <ClCompile Include="src\Scene\StateStack.cpp" />
    <ClCompile Include="src\Scene\State.cpp" />
    <ClCompile Include="src\ECS\SystemObject.cpp" />
    <ClCompile Include="src\Graphics\GUI\TextBox.cpp" />
    <ClCompile Include="src\Graphics\Components\LocalTransform.cpp" />
    <ClCompile Include="src\Graphics\Systems\CullingSystem.cpp" />
    <ClCompile Include="src\Physics\Circle.cpp" />
    <ClCompile Include="src\Physics\CollisionTable.cpp" />
    <ClCompile Include="src\Physics\PhysicsSystem.cpp" />
    <ClCompile Include="src\Physics\PhysicsBody.cpp" />
  </ItemGroup>
  <ItemGroup>
    <ClInclude Include="include\Velox\ECS\Archetype.hpp" />
    <ClInclude Include="include\Velox\ECS\ComponentAlloc.hpp" />
    <ClInclude Include="include\Velox\ECS\EntityAdmin.h" />
    <ClInclude Include="include\Velox\ECS\Entity.h" />
    <ClInclude Include="include\Velox\ECS\Identifiers.hpp" />
    <ClInclude Include="include\Velox\ECS\System.hpp" />
    <ClInclude Include="include\Velox\Graphics\Animation.h" />
    <ClInclude Include="include\Velox\Graphics\ResourceHolder.hpp" />
    <ClInclude Include="include\Velox\Graphics\SpriteBatch.h" />
    <ClInclude Include="include\Velox\Graphics\GUI\GUIComponent.h" />
    <ClInclude Include="include\Velox\Graphics\GUI\Label.h" />
    <ClInclude Include="include\Velox\Input\Binds.hpp" />
    <ClInclude Include="include\Velox\Input\ControlMap.h" />
    <ClInclude Include="include\Velox\Input\InputHandler.h" />
    <ClInclude Include="include\Velox\Input\JoystickInput.h" />
    <ClInclude Include="include\Velox\Input\KeyboardInput.h" />
    <ClInclude Include="include\Velox\Input\MouseCursor.h" />
    <ClInclude Include="include\Velox\Input\MouseInput.h" />
    <ClInclude Include="include\Velox\Scene\State.h" />
    <ClInclude Include="include\Velox\Scene\StateStack.h" />
    <ClInclude Include="include\Velox\Utilities\ArithmeticUtils.h" />
    <ClInclude Include="include\Velox\Utilities\Benchmark.h" />
    <ClInclude Include="include\Velox\Utilities\Concepts.h" />
    <ClInclude Include="include\Velox\Utilities\ContainerUtils.h" />
    <ClInclude Include="include\Velox\Utilities\NonCopyable.h" />
    <ClInclude Include="include\Velox\Algorithms\LQuadTree.hpp" />
    <ClInclude Include="include\Velox\Utilities\Random.h" />
    <ClInclude Include="include\Velox\Utilities\StringUtils.h" />
    <ClInclude Include="include\Velox\Utilities\ThreadPool.h" />
    <ClInclude Include="include\Velox\Utilities\Time.h" />
    <ClInclude Include="include\Velox\Utilities\VectorUtils.h" />
    <ClInclude Include="include\Velox\Window\Camera.h" />
    <ClInclude Include="include\Velox\Window\CameraBehavior.h" />
    <ClInclude Include="include\Velox\Window\Window.h" />
    <ClInclude Include="include\Velox\Input.hpp" />
    <ClInclude Include="include\Velox\Utilities.hpp" />
    <ClInclude Include="include\Velox\Config.hpp" />
    <ClInclude Include="include\Velox\ECS.hpp" />
    <ClInclude Include="include\Velox\Graphics\Components\Sprite.h" />
    <ClInclude Include="include\Velox\Graphics\Resources.h" />
    <ClInclude Include="include\Velox\Graphics\SpriteAtlas.h" />
    <ClInclude Include="include\Velox\Utilities\WeakEvent.hpp" />
    <ClInclude Include="include\Velox\Input\BtnFunc.hpp" />
    <ClInclude Include="include\Velox\Graphics\Components\Transform.h" />
    <ClInclude Include="include\Velox\Graphics\Components\IBatchable.h" />
    <ClInclude Include="include\Velox\Graphics\Systems\RenderSystem.h" />
    <ClInclude Include="include\Velox\Graphics\Systems\TransformSystem.h" />
    <ClInclude Include="include\Velox\Graphics\Systems\ObjectSystem.h" />
    <ClInclude Include="include\Velox\Graphics\Components\Object.h" />
    <ClInclude Include="include\Velox\World\World.h" />
    <ClInclude Include="include\Velox\Utilities\Traits.h" />
    <ClInclude Include="include\Velox\ECS\IComponent.h" />
    <ClInclude Include="include\Velox\ECS\SystemObject.h" />
    <ClInclude Include="include\Velox\ECS\ComponentRef.hpp" />
    <ClInclude Include="include\Velox\ECS\ComponentSet.hpp" />
    <ClInclude Include="include\Velox\Graphics\GUI\Anchor.h" />
    <ClInclude Include="include\Velox\Utilities\IDGenerator.h" />
    <ClInclude Include="include\Velox\Graphics\GUI\Button.h" />
    <ClInclude Include="include\Velox\Graphics\Systems\AnchorSystem.h" />
    <ClInclude Include="include\Velox\Graphics\Systems\GUISystem.h" />
    <ClInclude Include="include\Velox\Utilities\EventHandler.hpp" />
    <ClInclude Include="include\Velox\Utilities\Event.hpp" />
    <ClInclude Include="include\Velox\Graphics.hpp" />
    <ClInclude Include="include\Velox\Graphics\GUI\Container.h" />
    <ClInclude Include="include\Velox\Graphics\Systems\RelationSystem.h" />
    <ClInclude Include="include\Velox\ECS\BaseRef.hpp" />
    <ClInclude Include="include\Velox\World\ObjectTypes.h" />
    <ClInclude Include="include\Velox\Graphics\GUI\TextBox.h" />
    <ClInclude Include="include\Velox\Window.hpp" />
    <ClInclude Include="include\Velox\Scene\Identifiers.h" />
    <ClInclude Include="include\Velox\World\EngineBinds.h" />
    <ClInclude Include="include\Velox\Algorithms\FreeVector.hpp" />
    <ClInclude Include="include\Velox\Algorithms\SmallVector.hpp" />
    <ClInclude Include="include\Velox\Graphics\Components\LocalTransform.h" />
    <ClInclude Include="include\Velox\Graphics\Components\Relation.h" />
    <ClInclude Include="include\Velox\Components\Parent.h" />
    <ClInclude Include="include\Velox\Components\Child.h" />
    <ClInclude Include="include\Velox\Utilities\Rectangle.hpp" />
    <ClInclude Include="include\Velox\Algorithms\QTElement.hpp" />
    <ClInclude Include="include\Velox\Graphics\Systems\CullingSystem.h" />
    <ClInclude Include="include\Velox\Utilities\PolicySelect.h" />
    <ClInclude Include="include\Velox\Physics\PhysicsBody.h" />
    <ClInclude Include="include\Velox\Physics\CollisionResult.h" />
    <ClInclude Include="include\Velox\Physics\Shape.h" />
    <ClInclude Include="include\Velox\Physics\Circle.h" />
    <ClInclude Include="include\Velox\Physics\CollisionTable.h" />
    <ClInclude Include="include\Velox\Physics\PhysicsMaterial.h" />
    <ClInclude Include="include\Velox\Physics\PhysicsSystem.h" />
    <ClInclude Include="include\Velox\Physics\PhysicsLayer.h" />
    <ClInclude Include="include\Velox\Physics\CollisionData.h" />
    <ClInclude Include="include\Velox\Utilities\MatrixUtils.h" />
    <ClInclude Include="include\Velox\Velox.h" />
  </ItemGroup>
  <ItemGroup>
    <Filter Include="header">
      <UniqueIdentifier>{f73e0388-b7ce-44e8-ab5f-96a600071d9c}</UniqueIdentifier>
    </Filter>
    <Filter Include="source">
      <UniqueIdentifier>{e75c2c96-1db8-4935-941d-1dfd7a5d492b}</UniqueIdentifier>
    </Filter>
  </ItemGroup>
  <ItemGroup>
    <None Include="cpp.hint" />
  </ItemGroup>
</Project>