<?xml version="1.0" encoding="utf-8"?>
<Project ToolsVersion="4.0" xmlns="http://schemas.microsoft.com/developer/msbuild/2003">
  <ItemGroup>
    <ClCompile Include="src\Window\Camera.cpp" />
    <ClCompile Include="src\Window\Window.cpp" />
    <ClCompile Include="src\Graphics\gui\Label.cpp" />
    <ClCompile Include="src\Graphics\SpriteBatch.cpp" />
    <ClCompile Include="src\Input\InputHandler.cpp" />
    <ClCompile Include="src\Input\ControlMap.cpp" />
    <ClCompile Include="src\Input\JoystickInput.cpp" />
    <ClCompile Include="src\Input\KeyboardInput.cpp" />
    <ClCompile Include="src\Input\MouseCursor.cpp" />
    <ClCompile Include="src\Input\MouseInput.cpp" />
    <ClCompile Include="src\System\Time.cpp" />
    <ClCompile Include="src\ECS\EntityAdmin.cpp" />
    <ClCompile Include="src\ECS\Entity.cpp" />
    <ClCompile Include="src\Window\CameraBehavior.cpp" />
    <ClCompile Include="src\Graphics\SpriteAtlas.cpp" />
    <ClCompile Include="src\Graphics\Components\Sprite.cpp" />
    <ClCompile Include="src\Graphics\Systems\RenderSystem.cpp" />
    <ClCompile Include="src\Graphics\Systems\TransformSystem.cpp" />
    <ClCompile Include="src\Graphics\Components\GlobalTransform.cpp" />
    <ClCompile Include="src\World\ObjectSystem.cpp" />
    <ClCompile Include="src\World\World.cpp" />
    <ClCompile Include="src\Graphics\GUI\GUIComponent.cpp" />
    <ClCompile Include="src\Graphics\Systems\AnchorSystem.cpp" />
    <ClCompile Include="src\Graphics\GUI\Container.cpp" />
    <ClCompile Include="src\Graphics\Components\Relation.cpp" />
    <ClCompile Include="src\Graphics\Systems\RelationSystem.cpp" />
    <ClCompile Include="src\Graphics\GUI\Button.cpp" />
    <ClCompile Include="src\Graphics\Systems\GUISystem.cpp" />
    <ClCompile Include="src\World\StateStack.cpp" />
    <ClCompile Include="src\World\State.cpp" />
    <ClCompile Include="src\ECS\SystemAction.cpp" />
    <ClCompile Include="src\Graphics\GUI\TextBox.cpp" />
    <ClCompile Include="src\Graphics\Components\Transform.cpp" />
    <ClCompile Include="src\Graphics\Systems\CullingSystem.cpp" />
    <ClCompile Include="src\Physics\Shapes\Circle.cpp" />
    <ClCompile Include="src\Physics\CollisionTable.cpp" />
    <ClCompile Include="src\Physics\Systems\PhysicsSystem.cpp" />
    <ClCompile Include="src\Physics\Shapes\Polygon.cpp" />
    <ClCompile Include="src\Physics\Shapes\Box.cpp" />
    <ClCompile Include="src\Physics\Systems\BroadSystem.cpp" />
    <ClCompile Include="src\Physics\Systems\NarrowSystem.cpp" />
    <ClCompile Include="src\Physics\Systems\PhysicsDirtySystem.cpp" />
    <ClCompile Include="src\Physics\Shapes\Shape.cpp" />
    <ClCompile Include="src\System\Mat4f.cpp" />
    <ClCompile Include="src\System\Mat2f.cpp" />
    <ClCompile Include="src\Physics\Shapes\Point.cpp" />
    <ClCompile Include="src\Physics\CollisionArbiter.cpp" />
    <ClCompile Include="src\Physics\Systems\ShapeInserter.cpp" />
    <ClCompile Include="src\Physics\Collider.cpp" />
    <ClCompile Include="src\Utility\FPSCounter.cpp" />
    <ClCompile Include="src\World\Object.cpp" />
    <ClCompile Include="src\Graphics\Components\Mesh.cpp" />
    <ClCompile Include="src\Graphics\Components\Animation.cpp" />
    <ClCompile Include="src\Graphics\Systems\AnimationSystem.cpp" />
  </ItemGroup>
  <ItemGroup>
    <ClInclude Include="include\Velox\ECS\Archetype.hpp" />
    <ClInclude Include="include\Velox\ECS\ComponentAlloc.hpp" />
    <ClInclude Include="include\Velox\ECS\EntityAdmin.h" />
    <ClInclude Include="include\Velox\ECS\Entity.h" />
    <ClInclude Include="include\Velox\ECS\Identifiers.hpp" />
    <ClInclude Include="include\Velox\ECS\System.hpp" />
    <ClInclude Include="include\Velox\Graphics\Components\Animation.h" />
    <ClInclude Include="include\Velox\Graphics\ResourceHolder.hpp" />
    <ClInclude Include="include\Velox\Graphics\SpriteBatch.h" />
    <ClInclude Include="include\Velox\Graphics\GUI\GUIComponent.h" />
    <ClInclude Include="include\Velox\Graphics\GUI\Label.h" />
    <ClInclude Include="include\Velox\Input\Binds.hpp" />
    <ClInclude Include="include\Velox\Input\ControlMap.h" />
    <ClInclude Include="include\Velox\Input\InputHandler.h" />
    <ClInclude Include="include\Velox\Input\JoystickInput.h" />
    <ClInclude Include="include\Velox\Input\KeyboardInput.h" />
    <ClInclude Include="include\Velox\Input\MouseCursor.h" />
    <ClInclude Include="include\Velox\Input\MouseInput.h" />
    <ClInclude Include="include\Velox\World\State.h" />
    <ClInclude Include="include\Velox\World\StateStack.h" />
    <ClInclude Include="include\Velox\Utility\ArithmeticUtils.h" />
    <ClInclude Include="include\Velox\Utility\Benchmark.h" />
    <ClInclude Include="include\Velox\System\Concepts.h" />
    <ClInclude Include="include\Velox\Utility\ContainerUtils.h" />
    <ClInclude Include="include\Velox\Utility\NonCopyable.h" />
    <ClInclude Include="include\Velox\Algorithms\LQuadTree.hpp" />
    <ClInclude Include="include\Velox\Utility\Random.h" />
    <ClInclude Include="include\Velox\Utility\StringUtils.h" />
    <ClInclude Include="include\Velox\System\Time.h" />
    <ClInclude Include="include\Velox\System\Vector2.hpp" />
    <ClInclude Include="include\Velox\Window\Camera.h" />
    <ClInclude Include="include\Velox\Window\CameraBehavior.h" />
    <ClInclude Include="include\Velox\Window\Window.h" />
    <ClInclude Include="include\Velox\Input.hpp" />
    <ClInclude Include="include\Velox\Utility.hpp" />
    <ClInclude Include="include\Velox\Config.hpp" />
    <ClInclude Include="include\Velox\ECS.hpp" />
    <ClInclude Include="include\Velox\Graphics\Components\Sprite.h" />
    <ClInclude Include="include\Velox\Graphics\Resources.h" />
    <ClInclude Include="include\Velox\Graphics\SpriteAtlas.h" />
    <ClInclude Include="include\Velox\System\WeakEvent.hpp" />
    <ClInclude Include="include\Velox\Input\BtnFunc.hpp" />
    <ClInclude Include="include\Velox\Graphics\Components\GlobalTransform.h" />
    <ClInclude Include="include\Velox\Graphics\Components\IBatchable.h" />
    <ClInclude Include="include\Velox\Graphics\Systems\RenderSystem.h" />
    <ClInclude Include="include\Velox\Graphics\Systems\TransformSystem.h" />
    <ClInclude Include="include\Velox\World\ObjectSystem.h" />
    <ClInclude Include="include\Velox\World\Object.h" />
    <ClInclude Include="include\Velox\World\World.h" />
    <ClInclude Include="include\Velox\System\Traits.h" />
    <ClInclude Include="include\Velox\ECS\ComponentEvents.h" />
    <ClInclude Include="include\Velox\ECS\SystemAction.h" />
    <ClInclude Include="include\Velox\ECS\ComponentRef.hpp" />
    <ClInclude Include="include\Velox\ECS\ComponentSet.hpp" />
    <ClInclude Include="include\Velox\Graphics\GUI\Anchor.h" />
    <ClInclude Include="include\Velox\System\IDGenerator.h" />
    <ClInclude Include="include\Velox\Graphics\GUI\Button.h" />
    <ClInclude Include="include\Velox\Graphics\Systems\AnchorSystem.h" />
    <ClInclude Include="include\Velox\Graphics\Systems\GUISystem.h" />
    <ClInclude Include="include\Velox\System\EventHandler.hpp" />
    <ClInclude Include="include\Velox\System\Event.hpp" />
    <ClInclude Include="include\Velox\Graphics.hpp" />
    <ClInclude Include="include\Velox\Graphics\GUI\Container.h" />
    <ClInclude Include="include\Velox\Graphics\Systems\RelationSystem.h" />
    <ClInclude Include="include\Velox\World\ObjectTypes.h" />
    <ClInclude Include="include\Velox\Graphics\GUI\TextBox.h" />
    <ClInclude Include="include\Velox\Window.hpp" />
    <ClInclude Include="include\Velox\World\Identifiers.h" />
    <ClInclude Include="include\Velox\World\EngineBinds.h" />
    <ClInclude Include="include\Velox\Algorithms\FreeVector.hpp" />
    <ClInclude Include="include\Velox\Algorithms\SmallVector.hpp" />
    <ClInclude Include="include\Velox\Graphics\Components\Transform.h" />
    <ClInclude Include="include\Velox\Graphics\Components\Relation.h" />
    <ClInclude Include="include\Velox\Components\Parent.h" />
    <ClInclude Include="include\Velox\Components\Child.h" />
    <ClInclude Include="include\Velox\System\Rectangle.hpp" />
    <ClInclude Include="include\Velox\Algorithms\QTElement.hpp" />
    <ClInclude Include="include\Velox\Graphics\Systems\CullingSystem.h" />
    <ClInclude Include="include\Velox\Utility\PolicySelect.h" />
    <ClInclude Include="include\Velox\Physics\PhysicsBody.h" />
    <ClInclude Include="include\Velox\Physics\CollisionResult.h" />
    <ClInclude Include="include\Velox\Physics\Shapes\Shape.h" />
    <ClInclude Include="include\Velox\Physics\Shapes\Circle.h" />
    <ClInclude Include="include\Velox\Physics\CollisionTable.h" />
    <ClInclude Include="include\Velox\Physics\PhysicsMaterial.h" />
    <ClInclude Include="include\Velox\Physics\Systems\PhysicsSystem.h" />
    <ClInclude Include="include\Velox\Physics\CollisionLayer.h" />
    <ClInclude Include="include\Velox\Physics\CollisionArbiter.h" />
    <ClInclude Include="include\Velox\Velox.hpp" />
    <ClInclude Include="include\Velox\Physics\Shapes\Polygon.h" />
    <ClInclude Include="include\Velox\Physics\Shapes\Box.h" />
    <ClInclude Include="include\Velox\Physics\Systems\BroadSystem.h" />
    <ClInclude Include="include\Velox\Physics\Systems\NarrowSystem.h" />
    <ClInclude Include="include\Velox\Graphics\Components\Renderable.h" />
    <ClInclude Include="include\Velox\Physics.hpp" />
    <ClInclude Include="include\Velox\System.hpp" />
    <ClInclude Include="include\Velox\Physics\Collider.h" />
    <ClInclude Include="include\Velox\Physics\CollisionObject.h" />
    <ClInclude Include="include\Velox\Physics\Systems\PhysicsDirtySystem.h" />
    <ClInclude Include="include\Velox\Algorithms\KDTree.hpp" />
    <ClInclude Include="include\Velox\Physics\CollisionContact.h" />
    <ClInclude Include="include\Velox\System\Mat4f.hpp" />
    <ClInclude Include="include\Velox\System\Mat2f.hpp" />
    <ClInclude Include="include\Velox\Physics\Shapes\Point.h" />
    <ClInclude Include="include\Velox\VeloxTypes.hpp" />
    <ClInclude Include="include\Velox\Physics\PhysicsCommon.hpp" />
    <ClInclude Include="include\Velox\Algorithms\QuadTree.hpp" />
    <ClInclude Include="include\Velox\Algorithms\Grid.hpp" />
    <ClInclude Include="include\Velox\Algorithms\SAP.hpp" />
    <ClInclude Include="include\Velox\Algorithms\UQuadTree.hpp" />
    <ClInclude Include="include\Velox\Physics\Systems\ShapeInserter.h" />
    <ClInclude Include="include\Velox\Utility\FPSCounter.h" />
    <ClInclude Include="include\Velox\World\DataBehaviour.hpp" />
    <ClInclude Include="include\Velox\Graphics\Components\Mesh.h" />
    <ClInclude Include="include\Velox\Utility\PolygonUtils.h" />
    <ClInclude Include="include\Velox\Graphics\Systems\AnimationSystem.h" />
  </ItemGroup>
  <ItemGroup>
    <Filter Include="header">
      <UniqueIdentifier>{f73e0388-b7ce-44e8-ab5f-96a600071d9c}</UniqueIdentifier>
    </Filter>
    <Filter Include="source">
      <UniqueIdentifier>{e75c2c96-1db8-4935-941d-1dfd7a5d492b}</UniqueIdentifier>
    </Filter>
  </ItemGroup>
  <ItemGroup>
    <None Include="cpp.hint" />
  </ItemGroup>
</Project>