<?xml version="1.0" encoding="utf-8"?>
<Project ToolsVersion="4.0" xmlns="http://schemas.microsoft.com/developer/msbuild/2003">
  <ItemGroup>
    <ClCompile Include="src\Window\Camera.cpp" />
    <ClCompile Include="src\Window\Window.cpp" />
    <ClCompile Include="src\Graphics\gui\TextBox.cpp" />
    <ClCompile Include="src\Graphics\SpriteBatch.cpp" />
    <ClCompile Include="src\Input\InputHandler.cpp" />
    <ClCompile Include="src\Input\ControlMap.cpp" />
    <ClCompile Include="src\Input\JoystickInput.cpp" />
    <ClCompile Include="src\Input\KeyboardInput.cpp" />
    <ClCompile Include="src\Input\MouseCursor.cpp" />
    <ClCompile Include="src\Input\MouseInput.cpp" />
    <ClCompile Include="src\Utilities\Time.cpp" />
    <ClCompile Include="src\ECS\EntityAdmin.cpp" />
    <ClCompile Include="src\ECS\Entity.cpp" />
    <ClCompile Include="src\Window\CameraBehavior.cpp" />
    <ClCompile Include="src\Graphics\SpriteAtlas.cpp" />
    <ClCompile Include="src\Components\Sprite.cpp" />
    <ClCompile Include="src\Systems\RenderSystem.cpp" />
    <ClCompile Include="src\Systems\TransformSystem.cpp" />
    <ClCompile Include="src\Components\Transform.cpp" />
    <ClCompile Include="src\Systems\ObjectSystem.cpp" />
    <ClCompile Include="src\ECS\World.cpp" />
    <ClCompile Include="src\Components\Velocity.cpp" />
    <ClCompile Include="src\Graphics\GUI\GUI.cpp" />
  </ItemGroup>
  <ItemGroup>
    <ClInclude Include="include\Velox\ECS\Archetype.hpp" />
    <ClInclude Include="include\Velox\ECS\ComponentAlloc.hpp" />
    <ClInclude Include="include\Velox\ECS\EntityAdmin.h" />
    <ClInclude Include="include\Velox\ECS\Entity.h" />
    <ClInclude Include="include\Velox\ECS\Identifiers.hpp" />
    <ClInclude Include="include\Velox\ECS\System.hpp" />
    <ClInclude Include="include\Velox\Graphics\Animation.h" />
    <ClInclude Include="include\Velox\Graphics\ResourceHolder.hpp" />
    <ClInclude Include="include\Velox\Graphics\SpriteBatch.h" />
    <ClInclude Include="include\Velox\Graphics\GUI\GUI.h" />
    <ClInclude Include="include\Velox\Graphics\GUI\TextBox.h" />
    <ClInclude Include="include\Velox\Input\Binds.hpp" />
    <ClInclude Include="include\Velox\Input\ControlMap.h" />
    <ClInclude Include="include\Velox\Input\InputHandler.h" />
    <ClInclude Include="include\Velox\Input\JoystickInput.h" />
    <ClInclude Include="include\Velox\Input\KeyboardInput.h" />
    <ClInclude Include="include\Velox\Input\MouseCursor.h" />
    <ClInclude Include="include\Velox\Input\MouseInput.h" />
    <ClInclude Include="include\Velox\Scene\State.hpp" />
    <ClInclude Include="include\Velox\Scene\StateStack.hpp" />
    <ClInclude Include="include\Velox\Utilities\ArithmeticUtils.h" />
    <ClInclude Include="include\Velox\Utilities\Benchmark.h" />
    <ClInclude Include="include\Velox\Utilities\Concepts.h" />
    <ClInclude Include="include\Velox\Utilities\ContainerUtils.h" />
    <ClInclude Include="include\Velox\Utilities\NonCopyable.h" />
    <ClInclude Include="include\Velox\Algorithms\QuadTree.hpp" />
    <ClInclude Include="include\Velox\Utilities\Random.h" />
    <ClInclude Include="include\Velox\Utilities\StringUtils.h" />
    <ClInclude Include="include\Velox\Utilities\ThreadPool.h" />
    <ClInclude Include="include\Velox\Utilities\Time.h" />
    <ClInclude Include="include\Velox\Utilities\VectorUtils.h" />
    <ClInclude Include="include\Velox\Window\Camera.h" />
    <ClInclude Include="include\Velox\Window\CameraBehavior.h" />
    <ClInclude Include="include\Velox\Window\Window.h" />
    <ClInclude Include="include\Velox\Input.hpp" />
    <ClInclude Include="include\Velox\Utilities.hpp" />
    <ClInclude Include="include\Velox\Config.hpp" />
    <ClInclude Include="include\Velox\ECS.hpp" />
    <ClInclude Include="include\Velox\Components\Velocity.h" />
    <ClInclude Include="include\Velox\Components\Sprite.h" />
    <ClInclude Include="include\Velox\Graphics\Resources.h" />
    <ClInclude Include="include\Velox\Graphics\SpriteAtlas.h" />
    <ClInclude Include="include\Velox\Utilities\WeakEvent.hpp" />
    <ClInclude Include="include\Velox\Input\BtnFunc.hpp" />
    <ClInclude Include="include\Velox\Components\Transform.h" />
    <ClInclude Include="include\Velox\Components\IBatchable.h" />
    <ClInclude Include="include\Velox\Systems\RenderSystem.h" />
    <ClInclude Include="include\Velox\Systems\TransformSystem.h" />
    <ClInclude Include="include\Velox\Components\Relation.hpp" />
    <ClInclude Include="include\Velox\Systems\ObjectSystem.h" />
    <ClInclude Include="include\Velox\Components\Object.h" />
    <ClInclude Include="include\Velox\ECS\World.h" />
    <ClInclude Include="include\Velox\Utilities\Traits.h" />
    <ClInclude Include="include\Velox\ECS\IComponent.h" />
    <ClInclude Include="include\Velox\Systems\ISystemObject.h" />
    <ClInclude Include="include\Velox\ECS\ComponentProxy.hpp" />
    <ClInclude Include="include\Velox\ECS\ComponentSet.hpp" />
    <ClInclude Include="include\Velox\Graphics\GUI\Anchor.h" />
    <ClInclude Include="include\Velox\Utilities\TypeID.h" />
  </ItemGroup>
  <ItemGroup>
    <Filter Include="header">
      <UniqueIdentifier>{f73e0388-b7ce-44e8-ab5f-96a600071d9c}</UniqueIdentifier>
    </Filter>
    <Filter Include="source">
      <UniqueIdentifier>{e75c2c96-1db8-4935-941d-1dfd7a5d492b}</UniqueIdentifier>
    </Filter>
  </ItemGroup>
</Project>