<?xml version="1.0" encoding="utf-8"?>
<Project ToolsVersion="4.0" xmlns="http://schemas.microsoft.com/developer/msbuild/2003">
  <ItemGroup>
    <ClCompile Include="main.cpp">
      <Filter>source</Filter>
    </ClCompile>
    <ClCompile Include="ExceptionHandler.cpp">
      <Filter>source</Filter>
    </ClCompile>
    <ClCompile Include="graphics\Sprite.cpp">
      <Filter>source</Filter>
    </ClCompile>
    <ClCompile Include="graphics\Atlas.cpp">
      <Filter>source</Filter>
    </ClCompile>
    <ClCompile Include="graphics\Batch.cpp">
      <Filter>source</Filter>
    </ClCompile>
    <ClCompile Include="window\Camera.cpp">
      <Filter>source</Filter>
    </ClCompile>
    <ClCompile Include="window\InputHandler.cpp">
      <Filter>source</Filter>
    </ClCompile>
    <ClCompile Include="graphics\SpriteBatch.cpp">
      <Filter>source</Filter>
    </ClCompile>
    <ClCompile Include="graphics\TextureAtlas.cpp">
      <Filter>source</Filter>
    </ClCompile>
    <ClCompile Include="window\Window.cpp">
      <Filter>source</Filter>
    </ClCompile>
    <ClCompile Include="graphics\Texture.cpp">
      <Filter>source</Filter>
    </ClCompile>
    <ClCompile Include="base\StateStack.cpp">
      <Filter>source</Filter>
    </ClCompile>
    <ClCompile Include="window\Application.cpp" />
    <ClCompile Include="base\State.cpp" />
    <ClCompile Include="graphics\gui\TextBox.cpp" />
    <ClCompile Include="base\SceneNode.cpp" />
    <ClCompile Include="ecs\Component.cpp" />
    <ClCompile Include="ecs\System.cpp" />
  </ItemGroup>
  <ItemGroup>
    <ClInclude Include="ExceptionHandler.h">
      <Filter>header</Filter>
    </ClInclude>
    <ClInclude Include="graphics\Atlas.h">
      <Filter>header</Filter>
    </ClInclude>
    <ClInclude Include="graphics\Batch.h">
      <Filter>header</Filter>
    </ClInclude>
    <ClInclude Include="window\Camera.h">
      <Filter>header</Filter>
    </ClInclude>
    <ClInclude Include="window\InputHandler.h">
      <Filter>header</Filter>
    </ClInclude>
    <ClInclude Include="graphics\SpriteBatch.h">
      <Filter>header</Filter>
    </ClInclude>
    <ClInclude Include="graphics\TextureAtlas.h">
      <Filter>header</Filter>
    </ClInclude>
    <ClInclude Include="window\Window.h">
      <Filter>header</Filter>
    </ClInclude>
    <ClInclude Include="graphics\Sprite.h">
      <Filter>header</Filter>
    </ClInclude>
    <ClInclude Include="utilities\Utilities.h">
      <Filter>header</Filter>
    </ClInclude>
    <ClInclude Include="utilities\Vector.h">
      <Filter>header</Filter>
    </ClInclude>
    <ClInclude Include="graphics\Texture.h">
      <Filter>header</Filter>
    </ClInclude>
    <ClInclude Include="base\State.h">
      <Filter>header</Filter>
    </ClInclude>
    <ClInclude Include="base\StateStack.hpp">
      <Filter>header</Filter>
    </ClInclude>
    <ClInclude Include="window\Application.h" />
    <ClInclude Include="window\ResourceHolder.hpp" />
    <ClInclude Include="base\States.h" />
    <ClInclude Include="utilities\NonCopyable.h" />
    <ClInclude Include="graphics\gui\TextBox.h" />
    <ClInclude Include="graphics\gui\Component.h" />
    <ClInclude Include="base\SceneNode.h" />
    <ClInclude Include="ecs\Component.h" />
    <ClInclude Include="ecs\System.h" />
    <ClInclude Include="ecs\Identifiers.h" />
    <ClInclude Include="ecs\TypeIdGenerator.h" />
    <ClInclude Include="ecs\Entity.h" />
    <ClInclude Include="ecs\Archetype.h" />
    <ClInclude Include="ecs\ECS.h" />
  </ItemGroup>
  <ItemGroup>
    <Filter Include="header">
      <UniqueIdentifier>{f73e0388-b7ce-44e8-ab5f-96a600071d9c}</UniqueIdentifier>
    </Filter>
    <Filter Include="source">
      <UniqueIdentifier>{e75c2c96-1db8-4935-941d-1dfd7a5d492b}</UniqueIdentifier>
    </Filter>
  </ItemGroup>
</Project>