<?xml version="1.0" encoding="utf-8"?>
<Project ToolsVersion="4.0" xmlns="http://schemas.microsoft.com/developer/msbuild/2003">
  <ItemGroup>
    <ClCompile Include="main.cpp">
      <Filter>source</Filter>
    </ClCompile>
    <ClCompile Include="ExceptionHandler.cpp">
      <Filter>source</Filter>
    </ClCompile>
    <ClCompile Include="window\Camera.cpp">
      <Filter>source</Filter>
    </ClCompile>
    <ClCompile Include="window\Window.cpp">
      <Filter>source</Filter>
    </ClCompile>
    <ClCompile Include="scene\StateStack.cpp">
      <Filter>source</Filter>
    </ClCompile>
    <ClCompile Include="window\Application.cpp" />
    <ClCompile Include="graphics\gui\TextBox.cpp" />
    <ClCompile Include="scene\SceneNode.cpp" />
    <ClCompile Include="ecs\Component.cpp" />
    <ClCompile Include="graphics\SpriteBatch.cpp" />
    <ClCompile Include="scene\SceneNode.cpp" />
    <ClCompile Include="scene\StateStack.cpp" />
    <ClCompile Include="test\StateTest.cpp" />
    <ClCompile Include="game\scenes\StateLoading.cpp" />
  </ItemGroup>
  <ItemGroup>
    <ClInclude Include="ExceptionHandler.h">
      <Filter>header</Filter>
    </ClInclude>
    <ClInclude Include="window\Camera.h">
      <Filter>header</Filter>
    </ClInclude>
    <ClInclude Include="window\input\InputHandler.hpp">
      <Filter>header</Filter>
    </ClInclude>
    <ClInclude Include="window\Window.h">
      <Filter>header</Filter>
    </ClInclude>
    <ClInclude Include="utilities\Utilities.h">
      <Filter>header</Filter>
    </ClInclude>
    <ClInclude Include="scene\State.hpp">
      <Filter>header</Filter>
    </ClInclude>
    <ClInclude Include="scene\StateStack.h">
      <Filter>header</Filter>
    </ClInclude>
    <ClInclude Include="window\Application.h" />
    <ClInclude Include="graphics\ResourceHolder.hpp" />
    <ClInclude Include="scene\States.h" />
    <ClInclude Include="utilities\NonCopyable.h" />
    <ClInclude Include="graphics\gui\TextBox.h" />
    <ClInclude Include="graphics\gui\Component.h" />
    <ClInclude Include="scene\SceneNode.h" />
    <ClInclude Include="ecs\Component.h" />
    <ClInclude Include="ecs\System.hpp" />
    <ClInclude Include="ecs\Identifiers.h" />
    <ClInclude Include="ecs\TypeIdGenerator.h" />
    <ClInclude Include="ecs\Entity.hpp" />
    <ClInclude Include="ecs\Archetype.h" />
    <ClInclude Include="ecs\ECS.hpp" />
    <ClInclude Include="graphics\SpriteBatch.h" />
    <ClInclude Include="Utilities.hpp" />
    <ClInclude Include="utilities\Rectangle.hpp" />
    <ClInclude Include="utilities\VectorUtilities.h" />
    <ClInclude Include="utilities\Time.hpp" />
    <ClInclude Include="utilities\Random.h" />
    <ClInclude Include="scene\SceneNode.h" />
    <ClInclude Include="scene\States.h" />
    <ClInclude Include="scene\StateStack.h" />
    <ClInclude Include="window\CameraBehaviour.hpp" />
    <ClInclude Include="graphics\Animation.h" />
    <ClInclude Include="window\Cameras.h" />
    <ClInclude Include="window\cameras\CameraLetterbox.h" />
    <ClInclude Include="window\cameras\CameraDrag.h" />
    <ClInclude Include="window\Binds.h" />
    <ClInclude Include="window\cameras\CameraZoom.h" />
    <ClInclude Include="graphics\Resources.h" />
    <ClInclude Include="test\StateTest.h" />
    <ClInclude Include="game\scenes\StateLoading.h" />
    <ClInclude Include="window\cameras\CameraShake.h" />
    <ClInclude Include="window\cameras\CameraGoTo.h" />
    <ClInclude Include="window\input\JoystickHandler.hpp" />
    <ClInclude Include="window\input\MouseHandler.hpp" />
    <ClInclude Include="window\input\KeyboardHandler.hpp" />
    <ClInclude Include="window\input\Controls.hpp" />
    <ClInclude Include="utilities\QuadTree.hpp" />
  </ItemGroup>
  <ItemGroup>
    <Filter Include="header">
      <UniqueIdentifier>{f73e0388-b7ce-44e8-ab5f-96a600071d9c}</UniqueIdentifier>
    </Filter>
    <Filter Include="source">
      <UniqueIdentifier>{e75c2c96-1db8-4935-941d-1dfd7a5d492b}</UniqueIdentifier>
    </Filter>
  </ItemGroup>
</Project>