<?xml version="1.0" encoding="utf-8"?>
<Project ToolsVersion="4.0" xmlns="http://schemas.microsoft.com/developer/msbuild/2003">
  <ItemGroup>
    <ClCompile Include="main.cpp">
      <Filter>source</Filter>
    </ClCompile>
    <ClCompile Include="Window\Camera.cpp" />
    <ClCompile Include="Window\Window.cpp" />
    <ClCompile Include="Scene\StateStack.cpp" />
    <ClCompile Include="Game\Application.cpp" />
    <ClCompile Include="Graphics\gui\TextBox.cpp" />
    <ClCompile Include="Scene\SceneNode.cpp" />
    <ClCompile Include="Graphics\SpriteBatch.cpp" />
    <ClCompile Include="scene\StateStack.cpp" />
    <ClCompile Include="Game\Scenes\StateLoading.cpp" />
    <ClCompile Include="Game\Scenes\StateTest.cpp" />
  </ItemGroup>
  <ItemGroup>
    <ClInclude Include="Game\Application.h" />
    <ClInclude Include="Game\Scenes\StateLoading.h" />
    <ClInclude Include="Game\Binds.h" />
    <ClInclude Include="Game\Scenes\StateTest.h" />
    <ClInclude Include="Game\Cameras\CameraDrag.h" />
    <ClInclude Include="Game\Cameras\CameraGoTo.h" />
    <ClInclude Include="Game\Cameras\CameraLetterbox.h" />
    <ClInclude Include="Game\Cameras\CameraShake.h" />
    <ClInclude Include="Game\Cameras\CameraZoom.h" />
  </ItemGroup>
  <ItemGroup>
    <Filter Include="header">
      <UniqueIdentifier>{f73e0388-b7ce-44e8-ab5f-96a600071d9c}</UniqueIdentifier>
    </Filter>
    <Filter Include="source">
      <UniqueIdentifier>{e75c2c96-1db8-4935-941d-1dfd7a5d492b}</UniqueIdentifier>
    </Filter>
  </ItemGroup>
</Project>